
Microsoft Visual Studio Solution File, Format Version 12.00
# Visual Studio 15
VisualStudioVersion = 15.0.26124.0
MinimumVisualStudioVersion = 15.0.26124.0
Project("{FAE04EC0-301F-11D3-BF4B-00C04F79EFBC}") = "acmeProgram", "acmeProgram\acmeProgram.csproj", "{8B6CC4BC-58A4-4D40-BDAF-A562DC9113A2}"
EndProject
Project("{FAE04EC0-301F-11D3-BF4B-00C04F79EFBC}") = "acmeDB", "acmeDB\acmeDB.csproj", "{A4221299-653A-4392-9E6F-0BCB04D6165E}"
EndProject
Project("{FAE04EC0-301F-11D3-BF4B-00C04F79EFBC}") = "acmeTest", "acmeTest\acmeTest.csproj", "{2790D006-1B72-40F0-B3D4-C921333B2A31}"
EndProject
Global
	GlobalSection(SolutionConfigurationPlatforms) = preSolution
		Debug|Any CPU = Debug|Any CPU
		Debug|x64 = Debug|x64
		Debug|x86 = Debug|x86
		Release|Any CPU = Release|Any CPU
		Release|x64 = Release|x64
		Release|x86 = Release|x86
	EndGlobalSection
	GlobalSection(SolutionProperties) = preSolution
		HideSolutionNode = FALSE
	EndGlobalSection
	GlobalSection(ProjectConfigurationPlatforms) = postSolution
		{8B6CC4BC-58A4-4D40-BDAF-A562DC9113A2}.Debug|Any CPU.ActiveCfg = Debug|Any CPU
		{8B6CC4BC-58A4-4D40-BDAF-A562DC9113A2}.Debug|Any CPU.Build.0 = Debug|Any CPU
		{8B6CC4BC-58A4-4D40-BDAF-A562DC9113A2}.Debug|x64.ActiveCfg = Debug|Any CPU
		{8B6CC4BC-58A4-4D40-BDAF-A562DC9113A2}.Debug|x64.Build.0 = Debug|Any CPU
		{8B6CC4BC-58A4-4D40-BDAF-A562DC9113A2}.Debug|x86.ActiveCfg = Debug|Any CPU
		{8B6CC4BC-58A4-4D40-BDAF-A562DC9113A2}.Debug|x86.Build.0 = Debug|Any CPU
		{8B6CC4BC-58A4-4D40-BDAF-A562DC9113A2}.Release|Any CPU.ActiveCfg = Release|Any CPU
		{8B6CC4BC-58A4-4D40-BDAF-A562DC9113A2}.Release|Any CPU.Build.0 = Release|Any CPU
		{8B6CC4BC-58A4-4D40-BDAF-A562DC9113A2}.Release|x64.ActiveCfg = Release|Any CPU
		{8B6CC4BC-58A4-4D40-BDAF-A562DC9113A2}.Release|x64.Build.0 = Release|Any CPU
		{8B6CC4BC-58A4-4D40-BDAF-A562DC9113A2}.Release|x86.ActiveCfg = Release|Any CPU
		{8B6CC4BC-58A4-4D40-BDAF-A562DC9113A2}.Release|x86.Build.0 = Release|Any CPU
		{A4221299-653A-4392-9E6F-0BCB04D6165E}.Debug|Any CPU.ActiveCfg = Debug|Any CPU
		{A4221299-653A-4392-9E6F-0BCB04D6165E}.Debug|Any CPU.Build.0 = Debug|Any CPU
		{A4221299-653A-4392-9E6F-0BCB04D6165E}.Debug|x64.ActiveCfg = Debug|Any CPU
		{A4221299-653A-4392-9E6F-0BCB04D6165E}.Debug|x64.Build.0 = Debug|Any CPU
		{A4221299-653A-4392-9E6F-0BCB04D6165E}.Debug|x86.ActiveCfg = Debug|Any CPU
		{A4221299-653A-4392-9E6F-0BCB04D6165E}.Debug|x86.Build.0 = Debug|Any CPU
		{A4221299-653A-4392-9E6F-0BCB04D6165E}.Release|Any CPU.ActiveCfg = Release|Any CPU
		{A4221299-653A-4392-9E6F-0BCB04D6165E}.Release|Any CPU.Build.0 = Release|Any CPU
		{A4221299-653A-4392-9E6F-0BCB04D6165E}.Release|x64.ActiveCfg = Release|Any CPU
		{A4221299-653A-4392-9E6F-0BCB04D6165E}.Release|x64.Build.0 = Release|Any CPU
		{A4221299-653A-4392-9E6F-0BCB04D6165E}.Release|x86.ActiveCfg = Release|Any CPU
		{A4221299-653A-4392-9E6F-0BCB04D6165E}.Release|x86.Build.0 = Release|Any CPU
		{2790D006-1B72-40F0-B3D4-C921333B2A31}.Debug|Any CPU.ActiveCfg = Debug|Any CPU
		{2790D006-1B72-40F0-B3D4-C921333B2A31}.Debug|Any CPU.Build.0 = Debug|Any CPU
		{2790D006-1B72-40F0-B3D4-C921333B2A31}.Debug|x64.ActiveCfg = Debug|Any CPU
		{2790D006-1B72-40F0-B3D4-C921333B2A31}.Debug|x64.Build.0 = Debug|Any CPU
		{2790D006-1B72-40F0-B3D4-C921333B2A31}.Debug|x86.ActiveCfg = Debug|Any CPU
		{2790D006-1B72-40F0-B3D4-C921333B2A31}.Debug|x86.Build.0 = Debug|Any CPU
		{2790D006-1B72-40F0-B3D4-C921333B2A31}.Release|Any CPU.ActiveCfg = Release|Any CPU
		{2790D006-1B72-40F0-B3D4-C921333B2A31}.Release|Any CPU.Build.0 = Release|Any CPU
		{2790D006-1B72-40F0-B3D4-C921333B2A31}.Release|x64.ActiveCfg = Release|Any CPU
		{2790D006-1B72-40F0-B3D4-C921333B2A31}.Release|x64.Build.0 = Release|Any CPU
		{2790D006-1B72-40F0-B3D4-C921333B2A31}.Release|x86.ActiveCfg = Release|Any CPU
		{2790D006-1B72-40F0-B3D4-C921333B2A31}.Release|x86.Build.0 = Release|Any CPU
	EndGlobalSection
EndGlobal
